
Microsoft Visual Studio Solution File, Format Version 12.00
# Visual Studio Version 17
VisualStudioVersion = 17.0.31903.59
MinimumVisualStudioVersion = 10.0.40219.1
Project("{2150E333-8FDC-42A3-9474-1A3956D46DE8}") = "Backend", "Backend", "{1AE8ACA6-933B-BF2A-3671-3E2EAC007D16}"
EndProject
Project("{FAE04EC0-301F-11D3-BF4B-00C04F79EFBC}") = "SmartFileImport.Api", "Backend\SmartFileImport.Api.csproj", "{0C66C86E-0A98-4702-81F9-87610920C8FB}"
EndProject
Global
	GlobalSection(SolutionConfigurationPlatforms) = preSolution
		Debug|Any CPU = Debug|Any CPU
		Debug|x64 = Debug|x64
		Debug|x86 = Debug|x86
		Release|Any CPU = Release|Any CPU
		Release|x64 = Release|x64
		Release|x86 = Release|x86
	EndGlobalSection
	GlobalSection(ProjectConfigurationPlatforms) = postSolution
		{0C66C86E-0A98-4702-81F9-87610920C8FB}.Debug|Any CPU.ActiveCfg = Debug|Any CPU
		{0C66C86E-0A98-4702-81F9-87610920C8FB}.Debug|Any CPU.Build.0 = Debug|Any CPU
		{0C66C86E-0A98-4702-81F9-87610920C8FB}.Debug|x64.ActiveCfg = Debug|Any CPU
		{0C66C86E-0A98-4702-81F9-87610920C8FB}.Debug|x64.Build.0 = Debug|Any CPU
		{0C66C86E-0A98-4702-81F9-87610920C8FB}.Debug|x86.ActiveCfg = Debug|Any CPU
		{0C66C86E-0A98-4702-81F9-87610920C8FB}.Debug|x86.Build.0 = Debug|Any CPU
		{0C66C86E-0A98-4702-81F9-87610920C8FB}.Release|Any CPU.ActiveCfg = Release|Any CPU
		{0C66C86E-0A98-4702-81F9-87610920C8FB}.Release|Any CPU.Build.0 = Release|Any CPU
		{0C66C86E-0A98-4702-81F9-87610920C8FB}.Release|x64.ActiveCfg = Release|Any CPU
		{0C66C86E-0A98-4702-81F9-87610920C8FB}.Release|x64.Build.0 = Release|Any CPU
		{0C66C86E-0A98-4702-81F9-87610920C8FB}.Release|x86.ActiveCfg = Release|Any CPU
		{0C66C86E-0A98-4702-81F9-87610920C8FB}.Release|x86.Build.0 = Release|Any CPU
	EndGlobalSection
	GlobalSection(SolutionProperties) = preSolution
		HideSolutionNode = FALSE
	EndGlobalSection
	GlobalSection(NestedProjects) = preSolution
		{0C66C86E-0A98-4702-81F9-87610920C8FB} = {1AE8ACA6-933B-BF2A-3671-3E2EAC007D16}
	EndGlobalSection
EndGlobal
